<?xml version="1.0" encoding="utf-8"?>
<Project ToolsVersion="4.0" xmlns="http://schemas.microsoft.com/developer/msbuild/2003">
  <ItemGroup>
    <ClCompile Include="dll_main.cpp" />
    <ClCompile Include="interfaces\interfaces.cpp" />
    <ClCompile Include="hooks\hooks.cpp" />
    <ClCompile Include="utilities\globals.cpp" />
  </ItemGroup>
  <ItemGroup>
    <ClInclude Include="utilities\utilities.h" />
    <ClInclude Include="sdk\i_app_system.h" />
    <ClInclude Include="sdk\i_surface.h" />
    <ClInclude Include="utilities\vector.h" />
    <ClInclude Include="utilities\vmt.h" />
    <ClInclude Include="sdk\structs.h" />
    <ClInclude Include="sdk\iv_engine_client.h" />
    <ClInclude Include="sdk\sdk.h" />
    <ClInclude Include="interfaces\interfaces.h" />
    <ClInclude Include="utilities\vmatrix.h" />
    <ClInclude Include="hooks\hooks.h" />
    <ClInclude Include="sdk\i_client_mode.h" />
    <ClInclude Include="sdk\i_client_entity.h" />
    <ClInclude Include="sdk\c_input.h" />
    <ClInclude Include="utilities\globals.h" />
  </ItemGroup>
</Project>